
Microsoft Visual Studio Solution File, Format Version 12.00
# Visual Studio Version 16
VisualStudioVersion = 16.0.30907.101
MinimumVisualStudioVersion = 10.0.40219.1
Project("{FAE04EC0-301F-11D3-BF4B-00C04F79EFBC}") = "XiaomiTemperatureCollector", "XiaomiTemperatureCollector\XiaomiTemperatureCollector.csproj", "{181122BA-0196-4319-B5F6-0379CCFCF3E7}"
EndProject
Global
	GlobalSection(SolutionConfigurationPlatforms) = preSolution
		Debug|Any CPU = Debug|Any CPU
		Release|Any CPU = Release|Any CPU
	EndGlobalSection
	GlobalSection(ProjectConfigurationPlatforms) = postSolution
		{181122BA-0196-4319-B5F6-0379CCFCF3E7}.Debug|Any CPU.ActiveCfg = Debug|Any CPU
		{181122BA-0196-4319-B5F6-0379CCFCF3E7}.Debug|Any CPU.Build.0 = Debug|Any CPU
		{181122BA-0196-4319-B5F6-0379CCFCF3E7}.Release|Any CPU.ActiveCfg = Release|Any CPU
		{181122BA-0196-4319-B5F6-0379CCFCF3E7}.Release|Any CPU.Build.0 = Release|Any CPU
	EndGlobalSection
	GlobalSection(SolutionProperties) = preSolution
		HideSolutionNode = FALSE
	EndGlobalSection
	GlobalSection(ExtensibilityGlobals) = postSolution
		SolutionGuid = {CCE12D9A-1120-4407-BE3B-D39ED02C38CE}
	EndGlobalSection
EndGlobal
